
Microsoft Visual Studio Solution File, Format Version 12.00
# Visual Studio 15
VisualStudioVersion = 15.0.27428.2037
MinimumVisualStudioVersion = 10.0.40219.1
Project("{FAE04EC0-301F-11D3-BF4B-00C04F79EFBC}") = "Tavisca.MerchantsOfTheGalaxy", "Tavisca.MerchantsOfTheGalaxy\Tavisca.MerchantsOfTheGalaxy.csproj", "{95BBBC7D-F593-4A1A-AC20-5FD7D3387A7B}"
EndProject
Project("{FAE04EC0-301F-11D3-BF4B-00C04F79EFBC}") = "Tavisca.MerchantsOfTheGalaxy.Test", "Tavisca.MerchantsOfTheGalaxy.Test\Tavisca.MerchantsOfTheGalaxy.Test.csproj", "{F5643A37-B2AB-47BB-B352-064252A84FEB}"
EndProject
Global
	GlobalSection(SolutionConfigurationPlatforms) = preSolution
		Debug|Any CPU = Debug|Any CPU
		Release|Any CPU = Release|Any CPU
	EndGlobalSection
	GlobalSection(ProjectConfigurationPlatforms) = postSolution
		{95BBBC7D-F593-4A1A-AC20-5FD7D3387A7B}.Debug|Any CPU.ActiveCfg = Debug|Any CPU
		{95BBBC7D-F593-4A1A-AC20-5FD7D3387A7B}.Debug|Any CPU.Build.0 = Debug|Any CPU
		{95BBBC7D-F593-4A1A-AC20-5FD7D3387A7B}.Release|Any CPU.ActiveCfg = Release|Any CPU
		{95BBBC7D-F593-4A1A-AC20-5FD7D3387A7B}.Release|Any CPU.Build.0 = Release|Any CPU
		{F5643A37-B2AB-47BB-B352-064252A84FEB}.Debug|Any CPU.ActiveCfg = Debug|Any CPU
		{F5643A37-B2AB-47BB-B352-064252A84FEB}.Debug|Any CPU.Build.0 = Debug|Any CPU
		{F5643A37-B2AB-47BB-B352-064252A84FEB}.Release|Any CPU.ActiveCfg = Release|Any CPU
		{F5643A37-B2AB-47BB-B352-064252A84FEB}.Release|Any CPU.Build.0 = Release|Any CPU
	EndGlobalSection
	GlobalSection(SolutionProperties) = preSolution
		HideSolutionNode = FALSE
	EndGlobalSection
	GlobalSection(ExtensibilityGlobals) = postSolution
		SolutionGuid = {C6F03C4E-8A82-4A10-8FA2-5F714626D1FF}
	EndGlobalSection
EndGlobal
